{
  "name": "raycasting",
  "version": "1.0.0",
  "lockfileVersion": 3,
  "requires": true,
  "packages": {
    "": {
      "name": "raycasting",
      "version": "1.0.0",
      "license": "ISC",
      "devDependencies": {
        "http-server": "^14.1.1",
        "typescript": "^5.5.4"
      }
    },
    "node_modules/ansi-styles": {
      "version": "4.3.0",
      "resolved": "https://pkgs.dev.azure.com/VolvoGroup-MASDCL/VCEBusInfoServLayer/_packaging/VCE-MS-PoC/npm/registry/ansi-styles/-/ansi-styles-4.3.0.tgz",
      "integrity": "sha1-7dgDYornHATIWuegkG7a00tkiTc=",
      "dev": true,
      "license": "MIT",
      "dependencies": {
        "color-convert": "^2.0.1"
      },
      "engines": {
        "node": ">=8"
      },
      "funding": {
        "url": "https://github.com/chalk/ansi-styles?sponsor=1"
      }
    },
    "node_modules/async": {
      "version": "2.6.4",
      "resolved": "https://pkgs.dev.azure.com/VolvoGroup-MASDCL/VCEBusInfoServLayer/_packaging/VCE-MS-PoC/npm/registry/async/-/async-2.6.4.tgz",
      "integrity": "sha1-cGt/9ghGZM1+rnE/b5ZUM7VQQiE=",
      "dev": true,
      "license": "MIT",
      "dependencies": {
        "lodash": "^4.17.14"
      }
    },
    "node_modules/basic-auth": {
      "version": "2.0.1",
      "resolved": "https://pkgs.dev.azure.com/VolvoGroup-MASDCL/VCEBusInfoServLayer/_packaging/VCE-MS-PoC/npm/registry/basic-auth/-/basic-auth-2.0.1.tgz",
      "integrity": "sha1-uZgnm/R844NEtPPPkW1Gebv1Hjo=",
      "dev": true,
      "license": "MIT",
      "dependencies": {
        "safe-buffer": "5.1.2"
      },
      "engines": {
        "node": ">= 0.8"
      }
    },
    "node_modules/call-bind": {
      "version": "1.0.7",
      "resolved": "https://pkgs.dev.azure.com/VolvoGroup-MASDCL/VCEBusInfoServLayer/_packaging/VCE-MS-PoC/npm/registry/call-bind/-/call-bind-1.0.7.tgz",
      "integrity": "sha1-BgFlmcQMVkmMGHadJzC+JCtvo7k=",
      "dev": true,
      "license": "MIT",
      "dependencies": {
        "es-define-property": "^1.0.0",
        "es-errors": "^1.3.0",
        "function-bind": "^1.1.2",
        "get-intrinsic": "^1.2.4",
        "set-function-length": "^1.2.1"
      },
      "engines": {
        "node": ">= 0.4"
      },
      "funding": {
        "url": "https://github.com/sponsors/ljharb"
      }
    },
    "node_modules/chalk": {
      "version": "4.1.2",
      "resolved": "https://pkgs.dev.azure.com/VolvoGroup-MASDCL/VCEBusInfoServLayer/_packaging/VCE-MS-PoC/npm/registry/chalk/-/chalk-4.1.2.tgz",
      "integrity": "sha1-qsTit3NKdAhnrrFr8CqtVWoeegE=",
      "dev": true,
      "license": "MIT",
      "dependencies": {
        "ansi-styles": "^4.1.0",
        "supports-color": "^7.1.0"
      },
      "engines": {
        "node": ">=10"
      },
      "funding": {
        "url": "https://github.com/chalk/chalk?sponsor=1"
      }
    },
    "node_modules/color-convert": {
      "version": "2.0.1",
      "resolved": "https://pkgs.dev.azure.com/VolvoGroup-MASDCL/VCEBusInfoServLayer/_packaging/VCE-MS-PoC/npm/registry/color-convert/-/color-convert-2.0.1.tgz",
      "integrity": "sha1-ctOmjVmMm9s68q0ehPIdiWq9TeM=",
      "dev": true,
      "license": "MIT",
      "dependencies": {
        "color-name": "~1.1.4"
      },
      "engines": {
        "node": ">=7.0.0"
      }
    },
    "node_modules/color-name": {
      "version": "1.1.4",
      "resolved": "https://pkgs.dev.azure.com/VolvoGroup-MASDCL/VCEBusInfoServLayer/_packaging/VCE-MS-PoC/npm/registry/color-name/-/color-name-1.1.4.tgz",
      "integrity": "sha1-wqCah6y95pVD3m9j+jmVyCbFNqI=",
      "dev": true,
      "license": "MIT"
    },
    "node_modules/corser": {
      "version": "2.0.1",
      "resolved": "https://pkgs.dev.azure.com/VolvoGroup-MASDCL/VCEBusInfoServLayer/_packaging/VCE-MS-PoC/npm/registry/corser/-/corser-2.0.1.tgz",
      "integrity": "sha1-jtolLsqrWEDc2XXOuQ2TcMgZ/4c=",
      "dev": true,
      "license": "MIT",
      "engines": {
        "node": ">= 0.4.0"
      }
    },
    "node_modules/debug": {
      "version": "3.2.7",
      "resolved": "https://pkgs.dev.azure.com/VolvoGroup-MASDCL/VCEBusInfoServLayer/_packaging/VCE-MS-PoC/npm/registry/debug/-/debug-3.2.7.tgz",
      "integrity": "sha1-clgLfpFF+zm2Z2+cXl+xALk0F5o=",
      "dev": true,
      "license": "MIT",
      "dependencies": {
        "ms": "^2.1.1"
      }
    },
    "node_modules/define-data-property": {
      "version": "1.1.4",
      "resolved": "https://pkgs.dev.azure.com/VolvoGroup-MASDCL/VCEBusInfoServLayer/_packaging/VCE-MS-PoC/npm/registry/define-data-property/-/define-data-property-1.1.4.tgz",
      "integrity": "sha1-iU3BQbt9MGCuQ2b2oBB+aPvkjF4=",
      "dev": true,
      "license": "MIT",
      "dependencies": {
        "es-define-property": "^1.0.0",
        "es-errors": "^1.3.0",
        "gopd": "^1.0.1"
      },
      "engines": {
        "node": ">= 0.4"
      },
      "funding": {
        "url": "https://github.com/sponsors/ljharb"
      }
    },
    "node_modules/es-define-property": {
      "version": "1.0.0",
      "resolved": "https://pkgs.dev.azure.com/VolvoGroup-MASDCL/VCEBusInfoServLayer/_packaging/VCE-MS-PoC/npm/registry/es-define-property/-/es-define-property-1.0.0.tgz",
      "integrity": "sha1-x/rvvf+LJpbPX0aSHt+3fMS6OEU=",
      "dev": true,
      "license": "MIT",
      "dependencies": {
        "get-intrinsic": "^1.2.4"
      },
      "engines": {
        "node": ">= 0.4"
      }
    },
    "node_modules/es-errors": {
      "version": "1.3.0",
      "resolved": "https://pkgs.dev.azure.com/VolvoGroup-MASDCL/VCEBusInfoServLayer/_packaging/VCE-MS-PoC/npm/registry/es-errors/-/es-errors-1.3.0.tgz",
      "integrity": "sha1-BfdaJdq5jk+x3NXhRywFRtUFfI8=",
      "dev": true,
      "license": "MIT",
      "engines": {
        "node": ">= 0.4"
      }
    },
    "node_modules/eventemitter3": {
      "version": "4.0.7",
      "resolved": "https://pkgs.dev.azure.com/VolvoGroup-MASDCL/VCEBusInfoServLayer/_packaging/VCE-MS-PoC/npm/registry/eventemitter3/-/eventemitter3-4.0.7.tgz",
      "integrity": "sha1-Lem2j2Uo1WRO9cWVJqG0oHMGFp8=",
      "dev": true,
      "license": "MIT"
    },
    "node_modules/follow-redirects": {
      "version": "1.15.9",
      "resolved": "https://pkgs.dev.azure.com/VolvoGroup-MASDCL/VCEBusInfoServLayer/_packaging/VCE-MS-PoC/npm/registry/follow-redirects/-/follow-redirects-1.15.9.tgz",
      "integrity": "sha1-pgT6EORDv5jKlCKNnuvMLoosjuE=",
      "dev": true,
      "funding": [
        {
          "type": "individual",
          "url": "https://github.com/sponsors/RubenVerborgh"
        }
      ],
      "license": "MIT",
      "engines": {
        "node": ">=4.0"
      },
      "peerDependenciesMeta": {
        "debug": {
          "optional": true
        }
      }
    },
    "node_modules/function-bind": {
      "version": "1.1.2",
      "resolved": "https://pkgs.dev.azure.com/VolvoGroup-MASDCL/VCEBusInfoServLayer/_packaging/VCE-MS-PoC/npm/registry/function-bind/-/function-bind-1.1.2.tgz",
      "integrity": "sha1-LALYZNl/PqbIgwxGTL0Rq26rehw=",
      "dev": true,
      "license": "MIT",
      "funding": {
        "url": "https://github.com/sponsors/ljharb"
      }
    },
    "node_modules/get-intrinsic": {
      "version": "1.2.4",
      "resolved": "https://pkgs.dev.azure.com/VolvoGroup-MASDCL/VCEBusInfoServLayer/_packaging/VCE-MS-PoC/npm/registry/get-intrinsic/-/get-intrinsic-1.2.4.tgz",
      "integrity": "sha1-44X1pLUifUScPqu60FSU7wq76t0=",
      "dev": true,
      "license": "MIT",
      "dependencies": {
        "es-errors": "^1.3.0",
        "function-bind": "^1.1.2",
        "has-proto": "^1.0.1",
        "has-symbols": "^1.0.3",
        "hasown": "^2.0.0"
      },
      "engines": {
        "node": ">= 0.4"
      },
      "funding": {
        "url": "https://github.com/sponsors/ljharb"
      }
    },
    "node_modules/gopd": {
      "version": "1.0.1",
      "resolved": "https://pkgs.dev.azure.com/VolvoGroup-MASDCL/VCEBusInfoServLayer/_packaging/VCE-MS-PoC/npm/registry/gopd/-/gopd-1.0.1.tgz",
      "integrity": "sha1-Kf923mnax0ibfAkYpXiOVkd8Myw=",
      "dev": true,
      "license": "MIT",
      "dependencies": {
        "get-intrinsic": "^1.1.3"
      },
      "funding": {
        "url": "https://github.com/sponsors/ljharb"
      }
    },
    "node_modules/has-flag": {
      "version": "4.0.0",
      "resolved": "https://pkgs.dev.azure.com/VolvoGroup-MASDCL/VCEBusInfoServLayer/_packaging/VCE-MS-PoC/npm/registry/has-flag/-/has-flag-4.0.0.tgz",
      "integrity": "sha1-lEdx/ZyByBJlxNaUGGDaBrtZR5s=",
      "dev": true,
      "license": "MIT",
      "engines": {
        "node": ">=8"
      }
    },
    "node_modules/has-property-descriptors": {
      "version": "1.0.2",
      "resolved": "https://pkgs.dev.azure.com/VolvoGroup-MASDCL/VCEBusInfoServLayer/_packaging/VCE-MS-PoC/npm/registry/has-property-descriptors/-/has-property-descriptors-1.0.2.tgz",
      "integrity": "sha1-lj7X0HHce/XwhMW/vg0bYiJYaFQ=",
      "dev": true,
      "license": "MIT",
      "dependencies": {
        "es-define-property": "^1.0.0"
      },
      "funding": {
        "url": "https://github.com/sponsors/ljharb"
      }
    },
    "node_modules/has-proto": {
      "version": "1.0.3",
      "resolved": "https://pkgs.dev.azure.com/VolvoGroup-MASDCL/VCEBusInfoServLayer/_packaging/VCE-MS-PoC/npm/registry/has-proto/-/has-proto-1.0.3.tgz",
      "integrity": "sha1-sx3f6bDm6ZFFNqarKGQm0CFPd/0=",
      "dev": true,
      "license": "MIT",
      "engines": {
        "node": ">= 0.4"
      },
      "funding": {
        "url": "https://github.com/sponsors/ljharb"
      }
    },
    "node_modules/has-symbols": {
      "version": "1.0.3",
      "resolved": "https://pkgs.dev.azure.com/VolvoGroup-MASDCL/VCEBusInfoServLayer/_packaging/VCE-MS-PoC/npm/registry/has-symbols/-/has-symbols-1.0.3.tgz",
      "integrity": "sha1-u3ssQ0klHc6HsSX3vfh0qnyLOfg=",
      "dev": true,
      "license": "MIT",
      "engines": {
        "node": ">= 0.4"
      },
      "funding": {
        "url": "https://github.com/sponsors/ljharb"
      }
    },
    "node_modules/hasown": {
      "version": "2.0.2",
      "resolved": "https://pkgs.dev.azure.com/VolvoGroup-MASDCL/VCEBusInfoServLayer/_packaging/VCE-MS-PoC/npm/registry/hasown/-/hasown-2.0.2.tgz",
      "integrity": "sha1-AD6vkb563DcuhOxZ3DclLO24AAM=",
      "dev": true,
      "license": "MIT",
      "dependencies": {
        "function-bind": "^1.1.2"
      },
      "engines": {
        "node": ">= 0.4"
      }
    },
    "node_modules/he": {
      "version": "1.2.0",
      "resolved": "https://pkgs.dev.azure.com/VolvoGroup-MASDCL/VCEBusInfoServLayer/_packaging/VCE-MS-PoC/npm/registry/he/-/he-1.2.0.tgz",
      "integrity": "sha1-hK5l+n6vsWX922FWauFLrwVmTw8=",
      "dev": true,
      "license": "MIT",
      "bin": {
        "he": "bin/he"
      }
    },
    "node_modules/html-encoding-sniffer": {
      "version": "3.0.0",
      "resolved": "https://pkgs.dev.azure.com/VolvoGroup-MASDCL/VCEBusInfoServLayer/_packaging/VCE-MS-PoC/npm/registry/html-encoding-sniffer/-/html-encoding-sniffer-3.0.0.tgz",
      "integrity": "sha1-LLGozw21JBR3blsqegTV3ZgVjek=",
      "dev": true,
      "license": "MIT",
      "dependencies": {
        "whatwg-encoding": "^2.0.0"
      },
      "engines": {
        "node": ">=12"
      }
    },
    "node_modules/http-proxy": {
      "version": "1.18.1",
      "resolved": "https://pkgs.dev.azure.com/VolvoGroup-MASDCL/VCEBusInfoServLayer/_packaging/VCE-MS-PoC/npm/registry/http-proxy/-/http-proxy-1.18.1.tgz",
      "integrity": "sha1-QBVB8FNIhLv5UmAzTnL4juOXZUk=",
      "dev": true,
      "license": "MIT",
      "dependencies": {
        "eventemitter3": "^4.0.0",
        "follow-redirects": "^1.0.0",
        "requires-port": "^1.0.0"
      },
      "engines": {
        "node": ">=8.0.0"
      }
    },
    "node_modules/http-server": {
      "version": "14.1.1",
      "resolved": "https://pkgs.dev.azure.com/VolvoGroup-MASDCL/VCEBusInfoServLayer/_packaging/VCE-MS-PoC/npm/registry/http-server/-/http-server-14.1.1.tgz",
      "integrity": "sha1-1g+7N9fC/f8PD7/w0O5mcL0oXi4=",
      "dev": true,
      "license": "MIT",
      "dependencies": {
        "basic-auth": "^2.0.1",
        "chalk": "^4.1.2",
        "corser": "^2.0.1",
        "he": "^1.2.0",
        "html-encoding-sniffer": "^3.0.0",
        "http-proxy": "^1.18.1",
        "mime": "^1.6.0",
        "minimist": "^1.2.6",
        "opener": "^1.5.1",
        "portfinder": "^1.0.28",
        "secure-compare": "3.0.1",
        "union": "~0.5.0",
        "url-join": "^4.0.1"
      },
      "bin": {
        "http-server": "bin/http-server"
      },
      "engines": {
        "node": ">=12"
      }
    },
    "node_modules/iconv-lite": {
      "version": "0.6.3",
      "resolved": "https://pkgs.dev.azure.com/VolvoGroup-MASDCL/VCEBusInfoServLayer/_packaging/VCE-MS-PoC/npm/registry/iconv-lite/-/iconv-lite-0.6.3.tgz",
      "integrity": "sha1-pS+AvzjaGVLrXGgXkHGYcaGnJQE=",
      "dev": true,
      "license": "MIT",
      "dependencies": {
        "safer-buffer": ">= 2.1.2 < 3.0.0"
      },
      "engines": {
        "node": ">=0.10.0"
      }
    },
    "node_modules/lodash": {
      "version": "4.17.21",
      "resolved": "https://pkgs.dev.azure.com/VolvoGroup-MASDCL/VCEBusInfoServLayer/_packaging/VCE-MS-PoC/npm/registry/lodash/-/lodash-4.17.21.tgz",
      "integrity": "sha1-Z5WRxWTDv/quhFTPCz3zcMPWkRw=",
      "dev": true,
      "license": "MIT"
    },
    "node_modules/mime": {
      "version": "1.6.0",
      "resolved": "https://pkgs.dev.azure.com/VolvoGroup-MASDCL/VCEBusInfoServLayer/_packaging/VCE-MS-PoC/npm/registry/mime/-/mime-1.6.0.tgz",
      "integrity": "sha1-Ms2eXGRVO9WNGaVor0Uqz/BJgbE=",
      "dev": true,
      "license": "MIT",
      "bin": {
        "mime": "cli.js"
      },
      "engines": {
        "node": ">=4"
      }
    },
    "node_modules/minimist": {
      "version": "1.2.8",
      "resolved": "https://pkgs.dev.azure.com/VolvoGroup-MASDCL/VCEBusInfoServLayer/_packaging/VCE-MS-PoC/npm/registry/minimist/-/minimist-1.2.8.tgz",
      "integrity": "sha1-waRk52kzAuCCoHXO4MBXdBrEdyw=",
      "dev": true,
      "license": "MIT",
      "funding": {
        "url": "https://github.com/sponsors/ljharb"
      }
    },
    "node_modules/mkdirp": {
      "version": "0.5.6",
      "resolved": "https://pkgs.dev.azure.com/VolvoGroup-MASDCL/VCEBusInfoServLayer/_packaging/VCE-MS-PoC/npm/registry/mkdirp/-/mkdirp-0.5.6.tgz",
      "integrity": "sha1-fe8D0kMtyuS6HWEURcSDlgYiVfY=",
      "dev": true,
      "license": "MIT",
      "dependencies": {
        "minimist": "^1.2.6"
      },
      "bin": {
        "mkdirp": "bin/cmd.js"
      }
    },
    "node_modules/ms": {
      "version": "2.1.3",
      "resolved": "https://pkgs.dev.azure.com/VolvoGroup-MASDCL/VCEBusInfoServLayer/_packaging/VCE-MS-PoC/npm/registry/ms/-/ms-2.1.3.tgz",
      "integrity": "sha1-V0yBOM4dK1hh8LRFedut1gxmFbI=",
      "dev": true,
      "license": "MIT"
    },
    "node_modules/object-inspect": {
      "version": "1.13.2",
      "resolved": "https://pkgs.dev.azure.com/VolvoGroup-MASDCL/VCEBusInfoServLayer/_packaging/VCE-MS-PoC/npm/registry/object-inspect/-/object-inspect-1.13.2.tgz",
      "integrity": "sha1-3qAIhGf7mR5nr0BYFHokgkowQ/8=",
      "dev": true,
      "license": "MIT",
      "engines": {
        "node": ">= 0.4"
      },
      "funding": {
        "url": "https://github.com/sponsors/ljharb"
      }
    },
    "node_modules/opener": {
      "version": "1.5.2",
      "resolved": "https://pkgs.dev.azure.com/VolvoGroup-MASDCL/VCEBusInfoServLayer/_packaging/VCE-MS-PoC/npm/registry/opener/-/opener-1.5.2.tgz",
      "integrity": "sha1-XTfh81B3udysQwE3InGv3rKhNZg=",
      "dev": true,
      "license": "(WTFPL OR MIT)",
      "bin": {
        "opener": "bin/opener-bin.js"
      }
    },
    "node_modules/portfinder": {
      "version": "1.0.32",
      "resolved": "https://pkgs.dev.azure.com/VolvoGroup-MASDCL/VCEBusInfoServLayer/_packaging/VCE-MS-PoC/npm/registry/portfinder/-/portfinder-1.0.32.tgz",
      "integrity": "sha1-L+G55YOJcSQp3CvqW+shRhRsf4E=",
      "dev": true,
      "license": "MIT",
      "dependencies": {
        "async": "^2.6.4",
        "debug": "^3.2.7",
        "mkdirp": "^0.5.6"
      },
      "engines": {
        "node": ">= 0.12.0"
      }
    },
    "node_modules/qs": {
      "version": "6.13.0",
      "resolved": "https://pkgs.dev.azure.com/VolvoGroup-MASDCL/VCEBusInfoServLayer/_packaging/VCE-MS-PoC/npm/registry/qs/-/qs-6.13.0.tgz",
      "integrity": "sha1-bKO9WEOffiRWVXmJl3h7DYilGQY=",
      "dev": true,
      "license": "BSD-3-Clause",
      "dependencies": {
        "side-channel": "^1.0.6"
      },
      "engines": {
        "node": ">=0.6"
      },
      "funding": {
        "url": "https://github.com/sponsors/ljharb"
      }
    },
    "node_modules/requires-port": {
      "version": "1.0.0",
      "resolved": "https://pkgs.dev.azure.com/VolvoGroup-MASDCL/VCEBusInfoServLayer/_packaging/VCE-MS-PoC/npm/registry/requires-port/-/requires-port-1.0.0.tgz",
      "integrity": "sha1-kl0mAdOaxIXgkc8NpcbmlNw9yv8=",
      "dev": true,
      "license": "MIT"
    },
    "node_modules/safe-buffer": {
      "version": "5.1.2",
      "resolved": "https://pkgs.dev.azure.com/VolvoGroup-MASDCL/VCEBusInfoServLayer/_packaging/VCE-MS-PoC/npm/registry/safe-buffer/-/safe-buffer-5.1.2.tgz",
      "integrity": "sha1-mR7GnSluAxN0fVm9/St0XDX4go0=",
      "dev": true,
      "license": "MIT"
    },
    "node_modules/safer-buffer": {
      "version": "2.1.2",
      "resolved": "https://pkgs.dev.azure.com/VolvoGroup-MASDCL/VCEBusInfoServLayer/_packaging/VCE-MS-PoC/npm/registry/safer-buffer/-/safer-buffer-2.1.2.tgz",
      "integrity": "sha1-RPoWGwGHuVSd2Eu5GAL5vYOFzWo=",
      "dev": true,
      "license": "MIT"
    },
    "node_modules/secure-compare": {
      "version": "3.0.1",
      "resolved": "https://pkgs.dev.azure.com/VolvoGroup-MASDCL/VCEBusInfoServLayer/_packaging/VCE-MS-PoC/npm/registry/secure-compare/-/secure-compare-3.0.1.tgz",
      "integrity": "sha1-8aAymzCLIh+uN7mXTz1XjQypmeM=",
      "dev": true,
      "license": "MIT"
    },
    "node_modules/set-function-length": {
      "version": "1.2.2",
      "resolved": "https://pkgs.dev.azure.com/VolvoGroup-MASDCL/VCEBusInfoServLayer/_packaging/VCE-MS-PoC/npm/registry/set-function-length/-/set-function-length-1.2.2.tgz",
      "integrity": "sha1-qscjFBmOrtl1z3eyw7a4gGleVEk=",
      "dev": true,
      "license": "MIT",
      "dependencies": {
        "define-data-property": "^1.1.4",
        "es-errors": "^1.3.0",
        "function-bind": "^1.1.2",
        "get-intrinsic": "^1.2.4",
        "gopd": "^1.0.1",
        "has-property-descriptors": "^1.0.2"
      },
      "engines": {
        "node": ">= 0.4"
      }
    },
    "node_modules/side-channel": {
      "version": "1.0.6",
      "resolved": "https://pkgs.dev.azure.com/VolvoGroup-MASDCL/VCEBusInfoServLayer/_packaging/VCE-MS-PoC/npm/registry/side-channel/-/side-channel-1.0.6.tgz",
      "integrity": "sha1-q9Jft80kuvRUZkBrEJa3gxySFfI=",
      "dev": true,
      "license": "MIT",
      "dependencies": {
        "call-bind": "^1.0.7",
        "es-errors": "^1.3.0",
        "get-intrinsic": "^1.2.4",
        "object-inspect": "^1.13.1"
      },
      "engines": {
        "node": ">= 0.4"
      },
      "funding": {
        "url": "https://github.com/sponsors/ljharb"
      }
    },
    "node_modules/supports-color": {
      "version": "7.2.0",
      "resolved": "https://pkgs.dev.azure.com/VolvoGroup-MASDCL/VCEBusInfoServLayer/_packaging/VCE-MS-PoC/npm/registry/supports-color/-/supports-color-7.2.0.tgz",
      "integrity": "sha1-G33NyzK4E4gBs+R4umpRyqiWSNo=",
      "dev": true,
      "license": "MIT",
      "dependencies": {
        "has-flag": "^4.0.0"
      },
      "engines": {
        "node": ">=8"
      }
    },
    "node_modules/typescript": {
      "version": "5.5.4",
      "resolved": "https://pkgs.dev.azure.com/VolvoGroup-MASDCL/VCEBusInfoServLayer/_packaging/VCE-MS-PoC/npm/registry/typescript/-/typescript-5.5.4.tgz",
      "integrity": "sha1-2YUtbIK60tLtpP10pXYqj1kJ6bo=",
      "dev": true,
      "license": "Apache-2.0",
      "bin": {
        "tsc": "bin/tsc",
        "tsserver": "bin/tsserver"
      },
      "engines": {
        "node": ">=14.17"
      }
    },
    "node_modules/union": {
      "version": "0.5.0",
      "resolved": "https://pkgs.dev.azure.com/VolvoGroup-MASDCL/VCEBusInfoServLayer/_packaging/VCE-MS-PoC/npm/registry/union/-/union-0.5.0.tgz",
      "integrity": "sha1-ssEb6E9gU4U3uEbtuboma6AJAHU=",
      "dev": true,
      "dependencies": {
        "qs": "^6.4.0"
      },
      "engines": {
        "node": ">= 0.8.0"
      }
    },
    "node_modules/url-join": {
      "version": "4.0.1",
      "resolved": "https://pkgs.dev.azure.com/VolvoGroup-MASDCL/VCEBusInfoServLayer/_packaging/VCE-MS-PoC/npm/registry/url-join/-/url-join-4.0.1.tgz",
      "integrity": "sha1-tkLiGiZGgI/6F4xMX9o5hE4Szec=",
      "dev": true,
      "license": "MIT"
    },
    "node_modules/whatwg-encoding": {
      "version": "2.0.0",
      "resolved": "https://pkgs.dev.azure.com/VolvoGroup-MASDCL/VCEBusInfoServLayer/_packaging/VCE-MS-PoC/npm/registry/whatwg-encoding/-/whatwg-encoding-2.0.0.tgz",
      "integrity": "sha1-52NfWX/YcCCFhiaAWicp+naYrFM=",
      "dev": true,
      "license": "MIT",
      "dependencies": {
        "iconv-lite": "0.6.3"
      },
      "engines": {
        "node": ">=12"
      }
    }
  }
}
